{
  "object": {
    "pins": [
      {
        "package": "Alamofire",
        "repositoryURL": "https://github.com/Alamofire/Alamofire.git",
        "state": {
          "branch": null,
          "revision": "723fa5a6c65812aec4a0d7cc432ee198883b6e00",
          "version": "5.9.0"
        }
      },
      {
        "package": "Moya",
        "repositoryURL": "https://github.com/Moya/Moya.git",
        "state": {
          "branch": null,
          "revision": "c263811c1f3dbf002be9bd83107f7cdc38992b26",
          "version": "15.0.3"
        }
      },
      {
        "package": "Pulse",
        "repositoryURL": "https://github.com/emvakar/Pulse.git",
        "state": {
          "branch": null,
          "revision": "f2f0efc0f6a9790791f0fe931b356d275a7b91e5",
          "version": "5.1.5"
        }
      },
      {
        "package": "PulseLogHandler",
        "repositoryURL": "https://github.com/emvakar/PulseLogHandler.git",
        "state": {
          "branch": null,
          "revision": "284f7576b257a2fb61ae9d74b2f38034fc7be8b4",
          "version": "5.1.1"
        }
      },
      {
        "package": "ReactiveSwift",
        "repositoryURL": "https://github.com/ReactiveCocoa/ReactiveSwift.git",
        "state": {
          "branch": null,
          "revision": "c43bae3dac73fdd3cb906bd5a1914686ca71ed3c",
          "version": "6.7.0"
        }
      },
      {
        "package": "RxSwift",
        "repositoryURL": "https://github.com/ReactiveX/RxSwift.git",
        "state": {
          "branch": null,
          "revision": "9dcaa4b333db437b0fbfaf453fad29069044a8b4",
          "version": "6.6.0"
        }
      },
      {
        "package": "swift-log",
        "repositoryURL": "https://github.com/apple/swift-log.git",
        "state": {
          "branch": null,
          "revision": "e97a6fcb1ab07462881ac165fdbb37f067e205d5",
          "version": "1.5.4"
        }
      }
    ]
  },
  "version": 1
}
